
Microsoft Visual Studio Solution File, Format Version 12.00
# Visual Studio Version 17
VisualStudioVersion = 17.14.36203.30 d17.14
MinimumVisualStudioVersion = 10.0.40219.1
Project("{FAE04EC0-301F-11D3-BF4B-00C04F79EFBC}") = "LibraryManagementApp", "LibraryManagementApp.csproj", "{18B8E70A-53FC-4DE5-A928-9C93A122FBE4}"
EndProject
Global
	GlobalSection(SolutionConfigurationPlatforms) = preSolution
		Debug|Any CPU = Debug|Any CPU
		Release|Any CPU = Release|Any CPU
	EndGlobalSection
	GlobalSection(ProjectConfigurationPlatforms) = postSolution
		{18B8E70A-53FC-4DE5-A928-9C93A122FBE4}.Debug|Any CPU.ActiveCfg = Debug|Any CPU
		{18B8E70A-53FC-4DE5-A928-9C93A122FBE4}.Debug|Any CPU.Build.0 = Debug|Any CPU
		{18B8E70A-53FC-4DE5-A928-9C93A122FBE4}.Release|Any CPU.ActiveCfg = Release|Any CPU
		{18B8E70A-53FC-4DE5-A928-9C93A122FBE4}.Release|Any CPU.Build.0 = Release|Any CPU
	EndGlobalSection
	GlobalSection(SolutionProperties) = preSolution
		HideSolutionNode = FALSE
	EndGlobalSection
	GlobalSection(ExtensibilityGlobals) = postSolution
		SolutionGuid = {84BF3069-44C6-4CA4-8EAB-847A4227444D}
	EndGlobalSection
EndGlobal
